
Microsoft Visual Studio Solution File, Format Version 12.00
# Visual Studio Version 17
VisualStudioVersion = 17.0.31903.59
MinimumVisualStudioVersion = 10.0.40219.1
Project("{FAE04EC0-301F-11D3-BF4B-00C04F79EFBC}") = "FirstApp", "FirstApp\FirstApp.csproj", "{55024FD5-4208-4422-ACF9-BEF0EDC86EF1}"
EndProject
Project("{FAE04EC0-301F-11D3-BF4B-00C04F79EFBC}") = "SecondApp", "SecondApp\SecondApp.csproj", "{5507E2C1-FCC5-4967-B728-0830AE4755B6}"
EndProject
Project("{FAE04EC0-301F-11D3-BF4B-00C04F79EFBC}") = "ThirdApp", "ThirdApp\ThirdApp.csproj", "{450B67AB-F279-42CD-BE32-4007B1750CFB}"
EndProject
Project("{FAE04EC0-301F-11D3-BF4B-00C04F79EFBC}") = "FourthApp", "FourthApp\FourthApp.csproj", "{FBB2FF9F-FDAB-4C3C-9AD9-343D05A9A0C3}"
EndProject
Global
	GlobalSection(SolutionConfigurationPlatforms) = preSolution
		Debug|Any CPU = Debug|Any CPU
		Debug|x64 = Debug|x64
		Debug|x86 = Debug|x86
		Release|Any CPU = Release|Any CPU
		Release|x64 = Release|x64
		Release|x86 = Release|x86
	EndGlobalSection
	GlobalSection(ProjectConfigurationPlatforms) = postSolution
		{55024FD5-4208-4422-ACF9-BEF0EDC86EF1}.Debug|Any CPU.ActiveCfg = Debug|Any CPU
		{55024FD5-4208-4422-ACF9-BEF0EDC86EF1}.Debug|Any CPU.Build.0 = Debug|Any CPU
		{55024FD5-4208-4422-ACF9-BEF0EDC86EF1}.Debug|x64.ActiveCfg = Debug|Any CPU
		{55024FD5-4208-4422-ACF9-BEF0EDC86EF1}.Debug|x64.Build.0 = Debug|Any CPU
		{55024FD5-4208-4422-ACF9-BEF0EDC86EF1}.Debug|x86.ActiveCfg = Debug|Any CPU
		{55024FD5-4208-4422-ACF9-BEF0EDC86EF1}.Debug|x86.Build.0 = Debug|Any CPU
		{55024FD5-4208-4422-ACF9-BEF0EDC86EF1}.Release|Any CPU.ActiveCfg = Release|Any CPU
		{55024FD5-4208-4422-ACF9-BEF0EDC86EF1}.Release|Any CPU.Build.0 = Release|Any CPU
		{55024FD5-4208-4422-ACF9-BEF0EDC86EF1}.Release|x64.ActiveCfg = Release|Any CPU
		{55024FD5-4208-4422-ACF9-BEF0EDC86EF1}.Release|x64.Build.0 = Release|Any CPU
		{55024FD5-4208-4422-ACF9-BEF0EDC86EF1}.Release|x86.ActiveCfg = Release|Any CPU
		{55024FD5-4208-4422-ACF9-BEF0EDC86EF1}.Release|x86.Build.0 = Release|Any CPU
		{5507E2C1-FCC5-4967-B728-0830AE4755B6}.Debug|Any CPU.ActiveCfg = Debug|Any CPU
		{5507E2C1-FCC5-4967-B728-0830AE4755B6}.Debug|Any CPU.Build.0 = Debug|Any CPU
		{5507E2C1-FCC5-4967-B728-0830AE4755B6}.Debug|x64.ActiveCfg = Debug|Any CPU
		{5507E2C1-FCC5-4967-B728-0830AE4755B6}.Debug|x64.Build.0 = Debug|Any CPU
		{5507E2C1-FCC5-4967-B728-0830AE4755B6}.Debug|x86.ActiveCfg = Debug|Any CPU
		{5507E2C1-FCC5-4967-B728-0830AE4755B6}.Debug|x86.Build.0 = Debug|Any CPU
		{5507E2C1-FCC5-4967-B728-0830AE4755B6}.Release|Any CPU.ActiveCfg = Release|Any CPU
		{5507E2C1-FCC5-4967-B728-0830AE4755B6}.Release|Any CPU.Build.0 = Release|Any CPU
		{5507E2C1-FCC5-4967-B728-0830AE4755B6}.Release|x64.ActiveCfg = Release|Any CPU
		{5507E2C1-FCC5-4967-B728-0830AE4755B6}.Release|x64.Build.0 = Release|Any CPU
		{5507E2C1-FCC5-4967-B728-0830AE4755B6}.Release|x86.ActiveCfg = Release|Any CPU
		{5507E2C1-FCC5-4967-B728-0830AE4755B6}.Release|x86.Build.0 = Release|Any CPU
		{450B67AB-F279-42CD-BE32-4007B1750CFB}.Debug|Any CPU.ActiveCfg = Debug|Any CPU
		{450B67AB-F279-42CD-BE32-4007B1750CFB}.Debug|Any CPU.Build.0 = Debug|Any CPU
		{450B67AB-F279-42CD-BE32-4007B1750CFB}.Debug|x64.ActiveCfg = Debug|Any CPU
		{450B67AB-F279-42CD-BE32-4007B1750CFB}.Debug|x64.Build.0 = Debug|Any CPU
		{450B67AB-F279-42CD-BE32-4007B1750CFB}.Debug|x86.ActiveCfg = Debug|Any CPU
		{450B67AB-F279-42CD-BE32-4007B1750CFB}.Debug|x86.Build.0 = Debug|Any CPU
		{450B67AB-F279-42CD-BE32-4007B1750CFB}.Release|Any CPU.ActiveCfg = Release|Any CPU
		{450B67AB-F279-42CD-BE32-4007B1750CFB}.Release|Any CPU.Build.0 = Release|Any CPU
		{450B67AB-F279-42CD-BE32-4007B1750CFB}.Release|x64.ActiveCfg = Release|Any CPU
		{450B67AB-F279-42CD-BE32-4007B1750CFB}.Release|x64.Build.0 = Release|Any CPU
		{450B67AB-F279-42CD-BE32-4007B1750CFB}.Release|x86.ActiveCfg = Release|Any CPU
		{450B67AB-F279-42CD-BE32-4007B1750CFB}.Release|x86.Build.0 = Release|Any CPU
		{FBB2FF9F-FDAB-4C3C-9AD9-343D05A9A0C3}.Debug|Any CPU.ActiveCfg = Debug|Any CPU
		{FBB2FF9F-FDAB-4C3C-9AD9-343D05A9A0C3}.Debug|Any CPU.Build.0 = Debug|Any CPU
		{FBB2FF9F-FDAB-4C3C-9AD9-343D05A9A0C3}.Debug|x64.ActiveCfg = Debug|Any CPU
		{FBB2FF9F-FDAB-4C3C-9AD9-343D05A9A0C3}.Debug|x64.Build.0 = Debug|Any CPU
		{FBB2FF9F-FDAB-4C3C-9AD9-343D05A9A0C3}.Debug|x86.ActiveCfg = Debug|Any CPU
		{FBB2FF9F-FDAB-4C3C-9AD9-343D05A9A0C3}.Debug|x86.Build.0 = Debug|Any CPU
		{FBB2FF9F-FDAB-4C3C-9AD9-343D05A9A0C3}.Release|Any CPU.ActiveCfg = Release|Any CPU
		{FBB2FF9F-FDAB-4C3C-9AD9-343D05A9A0C3}.Release|Any CPU.Build.0 = Release|Any CPU
		{FBB2FF9F-FDAB-4C3C-9AD9-343D05A9A0C3}.Release|x64.ActiveCfg = Release|Any CPU
		{FBB2FF9F-FDAB-4C3C-9AD9-343D05A9A0C3}.Release|x64.Build.0 = Release|Any CPU
		{FBB2FF9F-FDAB-4C3C-9AD9-343D05A9A0C3}.Release|x86.ActiveCfg = Release|Any CPU
		{FBB2FF9F-FDAB-4C3C-9AD9-343D05A9A0C3}.Release|x86.Build.0 = Release|Any CPU
	EndGlobalSection
	GlobalSection(SolutionProperties) = preSolution
		HideSolutionNode = FALSE
	EndGlobalSection
EndGlobal
